
Microsoft Visual Studio Solution File, Format Version 12.00
# Visual Studio Version 17
VisualStudioVersion = 17.4.33213.308
MinimumVisualStudioVersion = 10.0.40219.1
Project("{2150E333-8FDC-42A3-9474-1A3956D46DE8}") = "ShopManagement", "ShopManagement", "{475AEAFD-0E30-4B81-A646-DD3643BE50DC}"
EndProject
Project("{2150E333-8FDC-42A3-9474-1A3956D46DE8}") = "SM.Domain", "SM.Domain", "{E66DDECD-95EE-4891-AC39-E778A7EF7C04}"
EndProject
Project("{9A19103F-16F7-4668-BE54-9A1E7A4F7556}") = "ShopManagement.Domain", "ShopManagement.Domain\ShopManagement.Domain.csproj", "{FBB41AB1-1955-4781-8EE5-5480DE3AD16E}"
EndProject
Project("{9A19103F-16F7-4668-BE54-9A1E7A4F7556}") = "0_Framework", "0_Framework\0_Framework.csproj", "{C0141C17-F469-4904-8E50-B6A924DAF917}"
EndProject
Project("{2150E333-8FDC-42A3-9474-1A3956D46DE8}") = "SM.Application", "SM.Application", "{11FEF498-44C5-466A-99CC-755D02A212E8}"
EndProject
Project("{9A19103F-16F7-4668-BE54-9A1E7A4F7556}") = "ShopManagement.Application.Contracts", "ShopManagement.Application.Contracts\ShopManagement.Application.Contracts.csproj", "{4DA5A9B2-92AF-4C13-A8F2-5B6997B47A80}"
EndProject
Project("{9A19103F-16F7-4668-BE54-9A1E7A4F7556}") = "ShopManagement.Application", "ShopManagement.Application\ShopManagement.Application.csproj", "{5B2E26D0-3EB8-4FCA-942F-053B13CD38F0}"
EndProject
Project("{2150E333-8FDC-42A3-9474-1A3956D46DE8}") = "SM.Infrastructure", "SM.Infrastructure", "{D96BA77F-3251-4F47-97AC-37874562E016}"
EndProject
Project("{9A19103F-16F7-4668-BE54-9A1E7A4F7556}") = "ShopManagement.Infrastructure.EfCore", "ShopManagement.Infrastructure.EfCore\ShopManagement.Infrastructure.EfCore.csproj", "{BFDF451A-92AD-4DC3-B837-091B195EB53B}"
EndProject
Project("{9A19103F-16F7-4668-BE54-9A1E7A4F7556}") = "ShopManagement.Configuration", "ShopManagement.Configuration\ShopManagement.Configuration.csproj", "{3CE68844-CE85-421A-BFE7-21E61C8EE727}"
EndProject
Project("{9A19103F-16F7-4668-BE54-9A1E7A4F7556}") = "ServiceHost", "ServiceHost\ServiceHost.csproj", "{530A0B9E-53C8-417D-8D1F-789B0DDBC6A7}"
EndProject
Project("{9A19103F-16F7-4668-BE54-9A1E7A4F7556}") = "01_LampshadeQuery", "01_LampshadeQuery\01_LampshadeQuery.csproj", "{41523AFF-F1AE-430D-87D9-CC36903F4822}"
EndProject
Project("{2150E333-8FDC-42A3-9474-1A3956D46DE8}") = "DiscountManagement", "DiscountManagement", "{F51FED49-B02A-411B-A76E-836349D8BC22}"
EndProject
Project("{2150E333-8FDC-42A3-9474-1A3956D46DE8}") = "DM.Domain", "DM.Domain", "{BC3F1F61-9179-458D-A9C4-A6C8FCB125EC}"
EndProject
Project("{9A19103F-16F7-4668-BE54-9A1E7A4F7556}") = "DiscountManagement.Domain", "DiscountManagement.Domain\DiscountManagement.Domain.csproj", "{A75F7452-0B26-4D7A-8FFC-2D1A52266486}"
EndProject
Project("{2150E333-8FDC-42A3-9474-1A3956D46DE8}") = "DM.Application", "DM.Application", "{4769A9A4-D7DD-4A63-A588-171327693E13}"
EndProject
Project("{9A19103F-16F7-4668-BE54-9A1E7A4F7556}") = "DiscountManagement.Application.Contract", "DiscountManagement.Application.Contract\DiscountManagement.Application.Contract.csproj", "{3B39C472-698B-4F38-9CA8-5CF37F142050}"
EndProject
Project("{9A19103F-16F7-4668-BE54-9A1E7A4F7556}") = "DiscountManagement.Application", "DiscountManagement.Application\DiscountManagement.Application.csproj", "{267761D8-3341-4179-AD6C-5F3531EC2B87}"
EndProject
Project("{2150E333-8FDC-42A3-9474-1A3956D46DE8}") = "DM.Infrastructure", "DM.Infrastructure", "{D1407397-F6F7-4EF5-B351-CDC93BBDF32C}"
EndProject
Project("{9A19103F-16F7-4668-BE54-9A1E7A4F7556}") = "DiscountManagement.Infrastructure.EFCore", "DiscountManagement.Infrastructure.EFCore\DiscountManagement.Infrastructure.EFCore.csproj", "{D2E858E1-B343-415A-90D5-193B25F223E1}"
EndProject
Project("{9A19103F-16F7-4668-BE54-9A1E7A4F7556}") = "DiscountManagement.Configuration", "DiscountManagement.Configuration\DiscountManagement.Configuration.csproj", "{6784B1EE-79C6-454D-96D6-35FBE83125AD}"
EndProject
Project("{2150E333-8FDC-42A3-9474-1A3956D46DE8}") = "InventoryManagement", "InventoryManagement", "{3E5EB191-57CA-417B-939E-A42EB84E97BB}"
EndProject
Project("{2150E333-8FDC-42A3-9474-1A3956D46DE8}") = "IM.Domain", "IM.Domain", "{D8093442-BA4B-4909-89B9-B31022C30B0A}"
EndProject
Project("{9A19103F-16F7-4668-BE54-9A1E7A4F7556}") = "InventoryManagement.Domain", "InventoryManagement.Domain\InventoryManagement.Domain.csproj", "{BF5A9816-016C-4755-9B39-C480BDFFAFEA}"
EndProject
Project("{2150E333-8FDC-42A3-9474-1A3956D46DE8}") = "IM.Application", "IM.Application", "{BE901FC2-1A7B-4B2B-9F2D-0F5591F869BC}"
EndProject
Project("{9A19103F-16F7-4668-BE54-9A1E7A4F7556}") = "InventoryManagement.Application.Contract", "InventoryManagement.Application.Contract\InventoryManagement.Application.Contract.csproj", "{50AD5B75-D1AF-4474-8242-08B7C28E03D8}"
EndProject
Project("{2150E333-8FDC-42A3-9474-1A3956D46DE8}") = "IM.Infrastructure", "IM.Infrastructure", "{5FDD2520-9C2D-4021-B84A-23724BE8FAC6}"
EndProject
Project("{9A19103F-16F7-4668-BE54-9A1E7A4F7556}") = "InventoryManagement.Infrastructure.EfCore", "InventoryManagement.Infrastructure.EfCore\InventoryManagement.Infrastructure.EfCore.csproj", "{8A79BF6A-7549-49B1-8058-F216791EA039}"
EndProject
Project("{9A19103F-16F7-4668-BE54-9A1E7A4F7556}") = "InventoryManagement.InfrastructureConfiguration", "InventoryManagement.InfrastructureConfiguration\InventoryManagement.InfrastructureConfiguration.csproj", "{3B165EFE-B527-4A1A-81CC-D3749CB2D7E9}"
EndProject
Project("{9A19103F-16F7-4668-BE54-9A1E7A4F7556}") = "InventoryManagement.Application", "InventoryManagement.Application\InventoryManagement.Application.csproj", "{63E8F025-069F-4DA2-937B-75D8BB870E0F}"
EndProject
Project("{2150E333-8FDC-42A3-9474-1A3956D46DE8}") = "BlogManagement", "BlogManagement", "{D52601CD-FAC0-4339-AC2A-524533A2041C}"
EndProject
Project("{2150E333-8FDC-42A3-9474-1A3956D46DE8}") = "BM.Domain", "BM.Domain", "{07A3B9D1-E4D7-49AB-A26E-4ECBFE12352F}"
EndProject
Project("{9A19103F-16F7-4668-BE54-9A1E7A4F7556}") = "BlogManagement.Domain", "BlogManagement.Domain\BlogManagement.Domain.csproj", "{03C2EA98-655E-45E7-A82B-DD39EDA2AB43}"
EndProject
Project("{2150E333-8FDC-42A3-9474-1A3956D46DE8}") = "BM.Application", "BM.Application", "{83570070-1D46-487B-8C1D-A826A41F68D9}"
EndProject
Project("{9A19103F-16F7-4668-BE54-9A1E7A4F7556}") = "BlogManagement.Application.Contracts", "BlogManagement.Application.Contracts\BlogManagement.Application.Contracts.csproj", "{3BE0CE05-5E88-43F6-BB20-9379808A0B0E}"
EndProject
Project("{9A19103F-16F7-4668-BE54-9A1E7A4F7556}") = "BlogManagement.Application", "BlogManagement.Application\BlogManagement.Application.csproj", "{46CAAB36-5240-4E21-A35E-40D6A734DCDD}"
EndProject
Project("{2150E333-8FDC-42A3-9474-1A3956D46DE8}") = "BM.Infrastructure", "BM.Infrastructure", "{103B7064-1117-4016-BC0B-0E6DCA287B4C}"
EndProject
Project("{9A19103F-16F7-4668-BE54-9A1E7A4F7556}") = "BlogManagement.Infrastructure.EfCore", "BlogManagement.Infrastructure.EfCore\BlogManagement.Infrastructure.EfCore.csproj", "{A875FE73-BAAC-49F9-BD60-B1875425D199}"
EndProject
Project("{9A19103F-16F7-4668-BE54-9A1E7A4F7556}") = "BlogManagement.Infrastructure.Configuration", "BlogManagement.Infrastructure.Configuration\BlogManagement.Infrastructure.Configuration.csproj", "{362882F1-8216-4B97-8C7E-2C31DBFB22B9}"
EndProject
Project("{2150E333-8FDC-42A3-9474-1A3956D46DE8}") = "CommentManagement", "CommentManagement", "{6FDF58DC-1D7D-4424-A6A9-2DB71795BD96}"
EndProject
Project("{2150E333-8FDC-42A3-9474-1A3956D46DE8}") = "CM.Domain", "CM.Domain", "{1798D020-75A6-4BBF-95E6-29CAC882086D}"
EndProject
Project("{9A19103F-16F7-4668-BE54-9A1E7A4F7556}") = "CommentManagement.Domain", "CommentManagement.Domain\CommentManagement.Domain.csproj", "{8C023BE2-0CF4-4DC6-A18B-122C97B556CA}"
EndProject
Project("{2150E333-8FDC-42A3-9474-1A3956D46DE8}") = "CM.Application", "CM.Application", "{E555F332-A44E-4F89-B247-63D2F714495D}"
EndProject
Project("{9A19103F-16F7-4668-BE54-9A1E7A4F7556}") = "CommentManagement.Application.Contracts", "CommentManagement.Application.Contracts\CommentManagement.Application.Contracts.csproj", "{C35AF1A3-8AC1-4B79-9D05-5FCBE9658E33}"
EndProject
Project("{9A19103F-16F7-4668-BE54-9A1E7A4F7556}") = "CommentManagement.Application", "CommentManagement.Application\CommentManagement.Application.csproj", "{3297798B-831A-474C-AFD7-3AF2B2DBF250}"
EndProject
Project("{2150E333-8FDC-42A3-9474-1A3956D46DE8}") = "CM.Infrastructure", "CM.Infrastructure", "{7FB2A9CA-654E-42B5-8365-4491D7D35014}"
EndProject
Project("{9A19103F-16F7-4668-BE54-9A1E7A4F7556}") = "CommentManagement.Infrastructure.EfCore", "CommentManagement.Infrastructure.EfCore\CommentManagement.Infrastructure.EfCore.csproj", "{8941C60A-6E93-4497-AA40-4EDDB961A0BA}"
EndProject
Project("{9A19103F-16F7-4668-BE54-9A1E7A4F7556}") = "CommentManagement.Infrastructure.Configuration", "CommentManagement.Infrastructure.Configuration\CommentManagement.Infrastructure.Configuration.csproj", "{B15F2C2D-B629-44EA-9FD3-E249CFD39425}"
EndProject
Project("{2150E333-8FDC-42A3-9474-1A3956D46DE8}") = "AccountManagement", "AccountManagement", "{43575586-AAD6-46C1-8FC9-FBD7649193CE}"
EndProject
Project("{2150E333-8FDC-42A3-9474-1A3956D46DE8}") = "AM.Domain", "AM.Domain", "{D381697A-18C5-4132-97A0-C57B703E6B7B}"
EndProject
Project("{9A19103F-16F7-4668-BE54-9A1E7A4F7556}") = "AccountManagement.Domain", "AccountManagement.Domain\AccountManagement.Domain.csproj", "{FDC8A651-3AAF-4D6A-BEE7-6FFC282B9067}"
EndProject
Project("{2150E333-8FDC-42A3-9474-1A3956D46DE8}") = "AM.Application", "AM.Application", "{E69E14C2-F72B-4C94-9DFC-C9ADACEA0A78}"
EndProject
Project("{9A19103F-16F7-4668-BE54-9A1E7A4F7556}") = "AccountManagement.Application.Contracts", "AccountManagement.Application.Contracts\AccountManagement.Application.Contracts.csproj", "{5628E764-81EE-48B4-AC74-B42271E91915}"
EndProject
Project("{2150E333-8FDC-42A3-9474-1A3956D46DE8}") = "AM.Infrastructure", "AM.Infrastructure", "{D12C3125-2553-4006-A2BD-56E4C9AB0A0F}"
EndProject
Project("{9A19103F-16F7-4668-BE54-9A1E7A4F7556}") = "AccountManagement.Infrastructure.EFCore", "AccountManagement.Infrastructure.EFCore\AccountManagement.Infrastructure.EFCore.csproj", "{4303E681-8A0C-4804-9477-74978F847AAF}"
EndProject
Project("{9A19103F-16F7-4668-BE54-9A1E7A4F7556}") = "AccountManagement.Application", "AccountManagement.Application\AccountManagement.Application.csproj", "{D086369C-81BF-41DC-AA60-129532789E9C}"
EndProject
Project("{9A19103F-16F7-4668-BE54-9A1E7A4F7556}") = "AccountManagement.Configuration", "AccountManagement.Configuration\AccountManagement.Configuration.csproj", "{9085525C-8F1D-4272-B2A3-A70EE057A278}"
EndProject
Project("{9A19103F-16F7-4668-BE54-9A1E7A4F7556}") = "ShopManagement.Infrastructure.InventoryAcl", "ShopManagement.Infrastructure.InventoryAcl\ShopManagement.Infrastructure.InventoryAcl.csproj", "{03F0AEDE-D909-4384-92B6-56EA3C7C6481}"
EndProject
Global
	GlobalSection(SolutionConfigurationPlatforms) = preSolution
		Debug|Any CPU = Debug|Any CPU
		Release|Any CPU = Release|Any CPU
	EndGlobalSection
	GlobalSection(ProjectConfigurationPlatforms) = postSolution
		{FBB41AB1-1955-4781-8EE5-5480DE3AD16E}.Debug|Any CPU.ActiveCfg = Debug|Any CPU
		{FBB41AB1-1955-4781-8EE5-5480DE3AD16E}.Debug|Any CPU.Build.0 = Debug|Any CPU
		{FBB41AB1-1955-4781-8EE5-5480DE3AD16E}.Release|Any CPU.ActiveCfg = Release|Any CPU
		{FBB41AB1-1955-4781-8EE5-5480DE3AD16E}.Release|Any CPU.Build.0 = Release|Any CPU
		{C0141C17-F469-4904-8E50-B6A924DAF917}.Debug|Any CPU.ActiveCfg = Debug|Any CPU
		{C0141C17-F469-4904-8E50-B6A924DAF917}.Debug|Any CPU.Build.0 = Debug|Any CPU
		{C0141C17-F469-4904-8E50-B6A924DAF917}.Release|Any CPU.ActiveCfg = Release|Any CPU
		{C0141C17-F469-4904-8E50-B6A924DAF917}.Release|Any CPU.Build.0 = Release|Any CPU
		{4DA5A9B2-92AF-4C13-A8F2-5B6997B47A80}.Debug|Any CPU.ActiveCfg = Debug|Any CPU
		{4DA5A9B2-92AF-4C13-A8F2-5B6997B47A80}.Debug|Any CPU.Build.0 = Debug|Any CPU
		{4DA5A9B2-92AF-4C13-A8F2-5B6997B47A80}.Release|Any CPU.ActiveCfg = Release|Any CPU
		{4DA5A9B2-92AF-4C13-A8F2-5B6997B47A80}.Release|Any CPU.Build.0 = Release|Any CPU
		{5B2E26D0-3EB8-4FCA-942F-053B13CD38F0}.Debug|Any CPU.ActiveCfg = Debug|Any CPU
		{5B2E26D0-3EB8-4FCA-942F-053B13CD38F0}.Debug|Any CPU.Build.0 = Debug|Any CPU
		{5B2E26D0-3EB8-4FCA-942F-053B13CD38F0}.Release|Any CPU.ActiveCfg = Release|Any CPU
		{5B2E26D0-3EB8-4FCA-942F-053B13CD38F0}.Release|Any CPU.Build.0 = Release|Any CPU
		{BFDF451A-92AD-4DC3-B837-091B195EB53B}.Debug|Any CPU.ActiveCfg = Debug|Any CPU
		{BFDF451A-92AD-4DC3-B837-091B195EB53B}.Debug|Any CPU.Build.0 = Debug|Any CPU
		{BFDF451A-92AD-4DC3-B837-091B195EB53B}.Release|Any CPU.ActiveCfg = Debug|Any CPU
		{BFDF451A-92AD-4DC3-B837-091B195EB53B}.Release|Any CPU.Build.0 = Debug|Any CPU
		{3CE68844-CE85-421A-BFE7-21E61C8EE727}.Debug|Any CPU.ActiveCfg = Debug|Any CPU
		{3CE68844-CE85-421A-BFE7-21E61C8EE727}.Debug|Any CPU.Build.0 = Debug|Any CPU
		{3CE68844-CE85-421A-BFE7-21E61C8EE727}.Release|Any CPU.ActiveCfg = Release|Any CPU
		{3CE68844-CE85-421A-BFE7-21E61C8EE727}.Release|Any CPU.Build.0 = Release|Any CPU
		{530A0B9E-53C8-417D-8D1F-789B0DDBC6A7}.Debug|Any CPU.ActiveCfg = Debug|Any CPU
		{530A0B9E-53C8-417D-8D1F-789B0DDBC6A7}.Debug|Any CPU.Build.0 = Debug|Any CPU
		{530A0B9E-53C8-417D-8D1F-789B0DDBC6A7}.Release|Any CPU.ActiveCfg = Release|Any CPU
		{530A0B9E-53C8-417D-8D1F-789B0DDBC6A7}.Release|Any CPU.Build.0 = Release|Any CPU
		{41523AFF-F1AE-430D-87D9-CC36903F4822}.Debug|Any CPU.ActiveCfg = Debug|Any CPU
		{41523AFF-F1AE-430D-87D9-CC36903F4822}.Debug|Any CPU.Build.0 = Debug|Any CPU
		{41523AFF-F1AE-430D-87D9-CC36903F4822}.Release|Any CPU.ActiveCfg = Release|Any CPU
		{41523AFF-F1AE-430D-87D9-CC36903F4822}.Release|Any CPU.Build.0 = Release|Any CPU
		{A75F7452-0B26-4D7A-8FFC-2D1A52266486}.Debug|Any CPU.ActiveCfg = Debug|Any CPU
		{A75F7452-0B26-4D7A-8FFC-2D1A52266486}.Debug|Any CPU.Build.0 = Debug|Any CPU
		{A75F7452-0B26-4D7A-8FFC-2D1A52266486}.Release|Any CPU.ActiveCfg = Release|Any CPU
		{A75F7452-0B26-4D7A-8FFC-2D1A52266486}.Release|Any CPU.Build.0 = Release|Any CPU
		{3B39C472-698B-4F38-9CA8-5CF37F142050}.Debug|Any CPU.ActiveCfg = Debug|Any CPU
		{3B39C472-698B-4F38-9CA8-5CF37F142050}.Debug|Any CPU.Build.0 = Debug|Any CPU
		{3B39C472-698B-4F38-9CA8-5CF37F142050}.Release|Any CPU.ActiveCfg = Release|Any CPU
		{3B39C472-698B-4F38-9CA8-5CF37F142050}.Release|Any CPU.Build.0 = Release|Any CPU
		{267761D8-3341-4179-AD6C-5F3531EC2B87}.Debug|Any CPU.ActiveCfg = Debug|Any CPU
		{267761D8-3341-4179-AD6C-5F3531EC2B87}.Debug|Any CPU.Build.0 = Debug|Any CPU
		{267761D8-3341-4179-AD6C-5F3531EC2B87}.Release|Any CPU.ActiveCfg = Release|Any CPU
		{267761D8-3341-4179-AD6C-5F3531EC2B87}.Release|Any CPU.Build.0 = Release|Any CPU
		{D2E858E1-B343-415A-90D5-193B25F223E1}.Debug|Any CPU.ActiveCfg = Debug|Any CPU
		{D2E858E1-B343-415A-90D5-193B25F223E1}.Debug|Any CPU.Build.0 = Debug|Any CPU
		{D2E858E1-B343-415A-90D5-193B25F223E1}.Release|Any CPU.ActiveCfg = Release|Any CPU
		{D2E858E1-B343-415A-90D5-193B25F223E1}.Release|Any CPU.Build.0 = Release|Any CPU
		{6784B1EE-79C6-454D-96D6-35FBE83125AD}.Debug|Any CPU.ActiveCfg = Debug|Any CPU
		{6784B1EE-79C6-454D-96D6-35FBE83125AD}.Debug|Any CPU.Build.0 = Debug|Any CPU
		{6784B1EE-79C6-454D-96D6-35FBE83125AD}.Release|Any CPU.ActiveCfg = Release|Any CPU
		{6784B1EE-79C6-454D-96D6-35FBE83125AD}.Release|Any CPU.Build.0 = Release|Any CPU
		{BF5A9816-016C-4755-9B39-C480BDFFAFEA}.Debug|Any CPU.ActiveCfg = Debug|Any CPU
		{BF5A9816-016C-4755-9B39-C480BDFFAFEA}.Debug|Any CPU.Build.0 = Debug|Any CPU
		{BF5A9816-016C-4755-9B39-C480BDFFAFEA}.Release|Any CPU.ActiveCfg = Release|Any CPU
		{BF5A9816-016C-4755-9B39-C480BDFFAFEA}.Release|Any CPU.Build.0 = Release|Any CPU
		{50AD5B75-D1AF-4474-8242-08B7C28E03D8}.Debug|Any CPU.ActiveCfg = Debug|Any CPU
		{50AD5B75-D1AF-4474-8242-08B7C28E03D8}.Debug|Any CPU.Build.0 = Debug|Any CPU
		{50AD5B75-D1AF-4474-8242-08B7C28E03D8}.Release|Any CPU.ActiveCfg = Release|Any CPU
		{50AD5B75-D1AF-4474-8242-08B7C28E03D8}.Release|Any CPU.Build.0 = Release|Any CPU
		{8A79BF6A-7549-49B1-8058-F216791EA039}.Debug|Any CPU.ActiveCfg = Debug|Any CPU
		{8A79BF6A-7549-49B1-8058-F216791EA039}.Debug|Any CPU.Build.0 = Debug|Any CPU
		{8A79BF6A-7549-49B1-8058-F216791EA039}.Release|Any CPU.ActiveCfg = Debug|Any CPU
		{8A79BF6A-7549-49B1-8058-F216791EA039}.Release|Any CPU.Build.0 = Debug|Any CPU
		{3B165EFE-B527-4A1A-81CC-D3749CB2D7E9}.Debug|Any CPU.ActiveCfg = Debug|Any CPU
		{3B165EFE-B527-4A1A-81CC-D3749CB2D7E9}.Debug|Any CPU.Build.0 = Debug|Any CPU
		{3B165EFE-B527-4A1A-81CC-D3749CB2D7E9}.Release|Any CPU.ActiveCfg = Debug|Any CPU
		{3B165EFE-B527-4A1A-81CC-D3749CB2D7E9}.Release|Any CPU.Build.0 = Debug|Any CPU
		{63E8F025-069F-4DA2-937B-75D8BB870E0F}.Debug|Any CPU.ActiveCfg = Debug|Any CPU
		{63E8F025-069F-4DA2-937B-75D8BB870E0F}.Debug|Any CPU.Build.0 = Debug|Any CPU
		{63E8F025-069F-4DA2-937B-75D8BB870E0F}.Release|Any CPU.ActiveCfg = Release|Any CPU
		{63E8F025-069F-4DA2-937B-75D8BB870E0F}.Release|Any CPU.Build.0 = Release|Any CPU
		{03C2EA98-655E-45E7-A82B-DD39EDA2AB43}.Debug|Any CPU.ActiveCfg = Debug|Any CPU
		{03C2EA98-655E-45E7-A82B-DD39EDA2AB43}.Debug|Any CPU.Build.0 = Debug|Any CPU
		{03C2EA98-655E-45E7-A82B-DD39EDA2AB43}.Release|Any CPU.ActiveCfg = Release|Any CPU
		{03C2EA98-655E-45E7-A82B-DD39EDA2AB43}.Release|Any CPU.Build.0 = Release|Any CPU
		{3BE0CE05-5E88-43F6-BB20-9379808A0B0E}.Debug|Any CPU.ActiveCfg = Debug|Any CPU
		{3BE0CE05-5E88-43F6-BB20-9379808A0B0E}.Debug|Any CPU.Build.0 = Debug|Any CPU
		{3BE0CE05-5E88-43F6-BB20-9379808A0B0E}.Release|Any CPU.ActiveCfg = Release|Any CPU
		{3BE0CE05-5E88-43F6-BB20-9379808A0B0E}.Release|Any CPU.Build.0 = Release|Any CPU
		{46CAAB36-5240-4E21-A35E-40D6A734DCDD}.Debug|Any CPU.ActiveCfg = Debug|Any CPU
		{46CAAB36-5240-4E21-A35E-40D6A734DCDD}.Debug|Any CPU.Build.0 = Debug|Any CPU
		{46CAAB36-5240-4E21-A35E-40D6A734DCDD}.Release|Any CPU.ActiveCfg = Release|Any CPU
		{46CAAB36-5240-4E21-A35E-40D6A734DCDD}.Release|Any CPU.Build.0 = Release|Any CPU
		{A875FE73-BAAC-49F9-BD60-B1875425D199}.Debug|Any CPU.ActiveCfg = Debug|Any CPU
		{A875FE73-BAAC-49F9-BD60-B1875425D199}.Debug|Any CPU.Build.0 = Debug|Any CPU
		{A875FE73-BAAC-49F9-BD60-B1875425D199}.Release|Any CPU.ActiveCfg = Release|Any CPU
		{A875FE73-BAAC-49F9-BD60-B1875425D199}.Release|Any CPU.Build.0 = Release|Any CPU
		{362882F1-8216-4B97-8C7E-2C31DBFB22B9}.Debug|Any CPU.ActiveCfg = Debug|Any CPU
		{362882F1-8216-4B97-8C7E-2C31DBFB22B9}.Debug|Any CPU.Build.0 = Debug|Any CPU
		{362882F1-8216-4B97-8C7E-2C31DBFB22B9}.Release|Any CPU.ActiveCfg = Release|Any CPU
		{362882F1-8216-4B97-8C7E-2C31DBFB22B9}.Release|Any CPU.Build.0 = Release|Any CPU
		{8C023BE2-0CF4-4DC6-A18B-122C97B556CA}.Debug|Any CPU.ActiveCfg = Debug|Any CPU
		{8C023BE2-0CF4-4DC6-A18B-122C97B556CA}.Debug|Any CPU.Build.0 = Debug|Any CPU
		{8C023BE2-0CF4-4DC6-A18B-122C97B556CA}.Release|Any CPU.ActiveCfg = Release|Any CPU
		{8C023BE2-0CF4-4DC6-A18B-122C97B556CA}.Release|Any CPU.Build.0 = Release|Any CPU
		{C35AF1A3-8AC1-4B79-9D05-5FCBE9658E33}.Debug|Any CPU.ActiveCfg = Debug|Any CPU
		{C35AF1A3-8AC1-4B79-9D05-5FCBE9658E33}.Debug|Any CPU.Build.0 = Debug|Any CPU
		{C35AF1A3-8AC1-4B79-9D05-5FCBE9658E33}.Release|Any CPU.ActiveCfg = Release|Any CPU
		{C35AF1A3-8AC1-4B79-9D05-5FCBE9658E33}.Release|Any CPU.Build.0 = Release|Any CPU
		{3297798B-831A-474C-AFD7-3AF2B2DBF250}.Debug|Any CPU.ActiveCfg = Debug|Any CPU
		{3297798B-831A-474C-AFD7-3AF2B2DBF250}.Debug|Any CPU.Build.0 = Debug|Any CPU
		{3297798B-831A-474C-AFD7-3AF2B2DBF250}.Release|Any CPU.ActiveCfg = Release|Any CPU
		{3297798B-831A-474C-AFD7-3AF2B2DBF250}.Release|Any CPU.Build.0 = Release|Any CPU
		{8941C60A-6E93-4497-AA40-4EDDB961A0BA}.Debug|Any CPU.ActiveCfg = Debug|Any CPU
		{8941C60A-6E93-4497-AA40-4EDDB961A0BA}.Debug|Any CPU.Build.0 = Debug|Any CPU
		{8941C60A-6E93-4497-AA40-4EDDB961A0BA}.Release|Any CPU.ActiveCfg = Release|Any CPU
		{8941C60A-6E93-4497-AA40-4EDDB961A0BA}.Release|Any CPU.Build.0 = Release|Any CPU
		{B15F2C2D-B629-44EA-9FD3-E249CFD39425}.Debug|Any CPU.ActiveCfg = Debug|Any CPU
		{B15F2C2D-B629-44EA-9FD3-E249CFD39425}.Debug|Any CPU.Build.0 = Debug|Any CPU
		{B15F2C2D-B629-44EA-9FD3-E249CFD39425}.Release|Any CPU.ActiveCfg = Release|Any CPU
		{B15F2C2D-B629-44EA-9FD3-E249CFD39425}.Release|Any CPU.Build.0 = Release|Any CPU
		{FDC8A651-3AAF-4D6A-BEE7-6FFC282B9067}.Debug|Any CPU.ActiveCfg = Debug|Any CPU
		{FDC8A651-3AAF-4D6A-BEE7-6FFC282B9067}.Debug|Any CPU.Build.0 = Debug|Any CPU
		{FDC8A651-3AAF-4D6A-BEE7-6FFC282B9067}.Release|Any CPU.ActiveCfg = Release|Any CPU
		{FDC8A651-3AAF-4D6A-BEE7-6FFC282B9067}.Release|Any CPU.Build.0 = Release|Any CPU
		{5628E764-81EE-48B4-AC74-B42271E91915}.Debug|Any CPU.ActiveCfg = Debug|Any CPU
		{5628E764-81EE-48B4-AC74-B42271E91915}.Debug|Any CPU.Build.0 = Debug|Any CPU
		{5628E764-81EE-48B4-AC74-B42271E91915}.Release|Any CPU.ActiveCfg = Release|Any CPU
		{5628E764-81EE-48B4-AC74-B42271E91915}.Release|Any CPU.Build.0 = Release|Any CPU
		{4303E681-8A0C-4804-9477-74978F847AAF}.Debug|Any CPU.ActiveCfg = Debug|Any CPU
		{4303E681-8A0C-4804-9477-74978F847AAF}.Debug|Any CPU.Build.0 = Debug|Any CPU
		{4303E681-8A0C-4804-9477-74978F847AAF}.Release|Any CPU.ActiveCfg = Release|Any CPU
		{4303E681-8A0C-4804-9477-74978F847AAF}.Release|Any CPU.Build.0 = Release|Any CPU
		{D086369C-81BF-41DC-AA60-129532789E9C}.Debug|Any CPU.ActiveCfg = Debug|Any CPU
		{D086369C-81BF-41DC-AA60-129532789E9C}.Debug|Any CPU.Build.0 = Debug|Any CPU
		{D086369C-81BF-41DC-AA60-129532789E9C}.Release|Any CPU.ActiveCfg = Release|Any CPU
		{D086369C-81BF-41DC-AA60-129532789E9C}.Release|Any CPU.Build.0 = Release|Any CPU
		{9085525C-8F1D-4272-B2A3-A70EE057A278}.Debug|Any CPU.ActiveCfg = Debug|Any CPU
		{9085525C-8F1D-4272-B2A3-A70EE057A278}.Debug|Any CPU.Build.0 = Debug|Any CPU
		{9085525C-8F1D-4272-B2A3-A70EE057A278}.Release|Any CPU.ActiveCfg = Release|Any CPU
		{9085525C-8F1D-4272-B2A3-A70EE057A278}.Release|Any CPU.Build.0 = Release|Any CPU
		{03F0AEDE-D909-4384-92B6-56EA3C7C6481}.Debug|Any CPU.ActiveCfg = Debug|Any CPU
		{03F0AEDE-D909-4384-92B6-56EA3C7C6481}.Debug|Any CPU.Build.0 = Debug|Any CPU
		{03F0AEDE-D909-4384-92B6-56EA3C7C6481}.Release|Any CPU.ActiveCfg = Debug|Any CPU
		{03F0AEDE-D909-4384-92B6-56EA3C7C6481}.Release|Any CPU.Build.0 = Debug|Any CPU
	EndGlobalSection
	GlobalSection(SolutionProperties) = preSolution
		HideSolutionNode = FALSE
	EndGlobalSection
	GlobalSection(NestedProjects) = preSolution
		{E66DDECD-95EE-4891-AC39-E778A7EF7C04} = {475AEAFD-0E30-4B81-A646-DD3643BE50DC}
		{FBB41AB1-1955-4781-8EE5-5480DE3AD16E} = {E66DDECD-95EE-4891-AC39-E778A7EF7C04}
		{11FEF498-44C5-466A-99CC-755D02A212E8} = {475AEAFD-0E30-4B81-A646-DD3643BE50DC}
		{4DA5A9B2-92AF-4C13-A8F2-5B6997B47A80} = {11FEF498-44C5-466A-99CC-755D02A212E8}
		{5B2E26D0-3EB8-4FCA-942F-053B13CD38F0} = {11FEF498-44C5-466A-99CC-755D02A212E8}
		{D96BA77F-3251-4F47-97AC-37874562E016} = {475AEAFD-0E30-4B81-A646-DD3643BE50DC}
		{BFDF451A-92AD-4DC3-B837-091B195EB53B} = {D96BA77F-3251-4F47-97AC-37874562E016}
		{3CE68844-CE85-421A-BFE7-21E61C8EE727} = {D96BA77F-3251-4F47-97AC-37874562E016}
		{BC3F1F61-9179-458D-A9C4-A6C8FCB125EC} = {F51FED49-B02A-411B-A76E-836349D8BC22}
		{A75F7452-0B26-4D7A-8FFC-2D1A52266486} = {BC3F1F61-9179-458D-A9C4-A6C8FCB125EC}
		{4769A9A4-D7DD-4A63-A588-171327693E13} = {F51FED49-B02A-411B-A76E-836349D8BC22}
		{3B39C472-698B-4F38-9CA8-5CF37F142050} = {4769A9A4-D7DD-4A63-A588-171327693E13}
		{267761D8-3341-4179-AD6C-5F3531EC2B87} = {4769A9A4-D7DD-4A63-A588-171327693E13}
		{D1407397-F6F7-4EF5-B351-CDC93BBDF32C} = {F51FED49-B02A-411B-A76E-836349D8BC22}
		{D2E858E1-B343-415A-90D5-193B25F223E1} = {D1407397-F6F7-4EF5-B351-CDC93BBDF32C}
		{6784B1EE-79C6-454D-96D6-35FBE83125AD} = {D1407397-F6F7-4EF5-B351-CDC93BBDF32C}
		{D8093442-BA4B-4909-89B9-B31022C30B0A} = {3E5EB191-57CA-417B-939E-A42EB84E97BB}
		{BF5A9816-016C-4755-9B39-C480BDFFAFEA} = {D8093442-BA4B-4909-89B9-B31022C30B0A}
		{BE901FC2-1A7B-4B2B-9F2D-0F5591F869BC} = {3E5EB191-57CA-417B-939E-A42EB84E97BB}
		{50AD5B75-D1AF-4474-8242-08B7C28E03D8} = {BE901FC2-1A7B-4B2B-9F2D-0F5591F869BC}
		{5FDD2520-9C2D-4021-B84A-23724BE8FAC6} = {3E5EB191-57CA-417B-939E-A42EB84E97BB}
		{8A79BF6A-7549-49B1-8058-F216791EA039} = {5FDD2520-9C2D-4021-B84A-23724BE8FAC6}
		{3B165EFE-B527-4A1A-81CC-D3749CB2D7E9} = {5FDD2520-9C2D-4021-B84A-23724BE8FAC6}
		{63E8F025-069F-4DA2-937B-75D8BB870E0F} = {BE901FC2-1A7B-4B2B-9F2D-0F5591F869BC}
		{07A3B9D1-E4D7-49AB-A26E-4ECBFE12352F} = {D52601CD-FAC0-4339-AC2A-524533A2041C}
		{03C2EA98-655E-45E7-A82B-DD39EDA2AB43} = {07A3B9D1-E4D7-49AB-A26E-4ECBFE12352F}
		{83570070-1D46-487B-8C1D-A826A41F68D9} = {D52601CD-FAC0-4339-AC2A-524533A2041C}
		{3BE0CE05-5E88-43F6-BB20-9379808A0B0E} = {83570070-1D46-487B-8C1D-A826A41F68D9}
		{46CAAB36-5240-4E21-A35E-40D6A734DCDD} = {83570070-1D46-487B-8C1D-A826A41F68D9}
		{103B7064-1117-4016-BC0B-0E6DCA287B4C} = {D52601CD-FAC0-4339-AC2A-524533A2041C}
		{A875FE73-BAAC-49F9-BD60-B1875425D199} = {103B7064-1117-4016-BC0B-0E6DCA287B4C}
		{362882F1-8216-4B97-8C7E-2C31DBFB22B9} = {103B7064-1117-4016-BC0B-0E6DCA287B4C}
		{1798D020-75A6-4BBF-95E6-29CAC882086D} = {6FDF58DC-1D7D-4424-A6A9-2DB71795BD96}
		{8C023BE2-0CF4-4DC6-A18B-122C97B556CA} = {1798D020-75A6-4BBF-95E6-29CAC882086D}
		{E555F332-A44E-4F89-B247-63D2F714495D} = {6FDF58DC-1D7D-4424-A6A9-2DB71795BD96}
		{C35AF1A3-8AC1-4B79-9D05-5FCBE9658E33} = {E555F332-A44E-4F89-B247-63D2F714495D}
		{3297798B-831A-474C-AFD7-3AF2B2DBF250} = {E555F332-A44E-4F89-B247-63D2F714495D}
		{7FB2A9CA-654E-42B5-8365-4491D7D35014} = {6FDF58DC-1D7D-4424-A6A9-2DB71795BD96}
		{8941C60A-6E93-4497-AA40-4EDDB961A0BA} = {7FB2A9CA-654E-42B5-8365-4491D7D35014}
		{B15F2C2D-B629-44EA-9FD3-E249CFD39425} = {7FB2A9CA-654E-42B5-8365-4491D7D35014}
		{D381697A-18C5-4132-97A0-C57B703E6B7B} = {43575586-AAD6-46C1-8FC9-FBD7649193CE}
		{FDC8A651-3AAF-4D6A-BEE7-6FFC282B9067} = {D381697A-18C5-4132-97A0-C57B703E6B7B}
		{E69E14C2-F72B-4C94-9DFC-C9ADACEA0A78} = {43575586-AAD6-46C1-8FC9-FBD7649193CE}
		{5628E764-81EE-48B4-AC74-B42271E91915} = {E69E14C2-F72B-4C94-9DFC-C9ADACEA0A78}
		{D12C3125-2553-4006-A2BD-56E4C9AB0A0F} = {43575586-AAD6-46C1-8FC9-FBD7649193CE}
		{4303E681-8A0C-4804-9477-74978F847AAF} = {D12C3125-2553-4006-A2BD-56E4C9AB0A0F}
		{D086369C-81BF-41DC-AA60-129532789E9C} = {E69E14C2-F72B-4C94-9DFC-C9ADACEA0A78}
		{9085525C-8F1D-4272-B2A3-A70EE057A278} = {D12C3125-2553-4006-A2BD-56E4C9AB0A0F}
		{03F0AEDE-D909-4384-92B6-56EA3C7C6481} = {D96BA77F-3251-4F47-97AC-37874562E016}
	EndGlobalSection
	GlobalSection(ExtensibilityGlobals) = postSolution
		SolutionGuid = {CE06E98D-3839-4D81-9774-84084A573E73}
	EndGlobalSection
EndGlobal
