
Microsoft Visual Studio Solution File, Format Version 12.00
# Visual Studio Version 17
VisualStudioVersion = 17.4.33213.308
MinimumVisualStudioVersion = 10.0.40219.1
Project("{2150E333-8FDC-42A3-9474-1A3956D46DE8}") = "ShopManagement", "ShopManagement", "{475AEAFD-0E30-4B81-A646-DD3643BE50DC}"
EndProject
Project("{2150E333-8FDC-42A3-9474-1A3956D46DE8}") = "SM.Domain", "SM.Domain", "{E66DDECD-95EE-4891-AC39-E778A7EF7C04}"
EndProject
Project("{9A19103F-16F7-4668-BE54-9A1E7A4F7556}") = "ShopManagement.Domain", "ShopManagement.Domain\ShopManagement.Domain.csproj", "{FBB41AB1-1955-4781-8EE5-5480DE3AD16E}"
EndProject
Project("{9A19103F-16F7-4668-BE54-9A1E7A4F7556}") = "0_Framework", "0_Framework\0_Framework.csproj", "{C0141C17-F469-4904-8E50-B6A924DAF917}"
EndProject
Project("{2150E333-8FDC-42A3-9474-1A3956D46DE8}") = "SM.Application", "SM.Application", "{11FEF498-44C5-466A-99CC-755D02A212E8}"
EndProject
Project("{9A19103F-16F7-4668-BE54-9A1E7A4F7556}") = "ShopManagement.Application.Contracts", "ShopManagement.Application.Contracts\ShopManagement.Application.Contracts.csproj", "{4DA5A9B2-92AF-4C13-A8F2-5B6997B47A80}"
EndProject
Project("{9A19103F-16F7-4668-BE54-9A1E7A4F7556}") = "ShopManagement.Application", "ShopManagement.Application\ShopManagement.Application.csproj", "{5B2E26D0-3EB8-4FCA-942F-053B13CD38F0}"
EndProject
Project("{2150E333-8FDC-42A3-9474-1A3956D46DE8}") = "SM.Infrastructure", "SM.Infrastructure", "{D96BA77F-3251-4F47-97AC-37874562E016}"
EndProject
Project("{9A19103F-16F7-4668-BE54-9A1E7A4F7556}") = "ShopManagement.Infrastructure.EfCore", "ShopManagement.Infrastructure.EfCore\ShopManagement.Infrastructure.EfCore.csproj", "{BFDF451A-92AD-4DC3-B837-091B195EB53B}"
EndProject
Project("{9A19103F-16F7-4668-BE54-9A1E7A4F7556}") = "ShopManagement.Configuration", "ShopManagement.Configuration\ShopManagement.Configuration.csproj", "{3CE68844-CE85-421A-BFE7-21E61C8EE727}"
EndProject
Project("{9A19103F-16F7-4668-BE54-9A1E7A4F7556}") = "ServiceHost", "ServiceHost\ServiceHost.csproj", "{530A0B9E-53C8-417D-8D1F-789B0DDBC6A7}"
EndProject
Project("{9A19103F-16F7-4668-BE54-9A1E7A4F7556}") = "01_LampshadeQuery", "01_LampshadeQuery\01_LampshadeQuery.csproj", "{41523AFF-F1AE-430D-87D9-CC36903F4822}"
EndProject
Project("{2150E333-8FDC-42A3-9474-1A3956D46DE8}") = "DiscountManagement", "DiscountManagement", "{F51FED49-B02A-411B-A76E-836349D8BC22}"
EndProject
Project("{2150E333-8FDC-42A3-9474-1A3956D46DE8}") = "DM.Domain", "DM.Domain", "{BC3F1F61-9179-458D-A9C4-A6C8FCB125EC}"
EndProject
Project("{9A19103F-16F7-4668-BE54-9A1E7A4F7556}") = "DiscountManagement.Domain", "DiscountManagement.Domain\DiscountManagement.Domain.csproj", "{A75F7452-0B26-4D7A-8FFC-2D1A52266486}"
EndProject
Project("{2150E333-8FDC-42A3-9474-1A3956D46DE8}") = "DM.Application", "DM.Application", "{4769A9A4-D7DD-4A63-A588-171327693E13}"
EndProject
Project("{9A19103F-16F7-4668-BE54-9A1E7A4F7556}") = "DiscountManagement.Application.Contract", "DiscountManagement.Application.Contract\DiscountManagement.Application.Contract.csproj", "{3B39C472-698B-4F38-9CA8-5CF37F142050}"
EndProject
Project("{9A19103F-16F7-4668-BE54-9A1E7A4F7556}") = "DiscountManagement.Application", "DiscountManagement.Application\DiscountManagement.Application.csproj", "{267761D8-3341-4179-AD6C-5F3531EC2B87}"
EndProject
Project("{2150E333-8FDC-42A3-9474-1A3956D46DE8}") = "DM.Infrastructure", "DM.Infrastructure", "{D1407397-F6F7-4EF5-B351-CDC93BBDF32C}"
EndProject
Project("{9A19103F-16F7-4668-BE54-9A1E7A4F7556}") = "DiscountManagement.Infrastructure.EFCore", "DiscountManagement.Infrastructure.EFCore\DiscountManagement.Infrastructure.EFCore.csproj", "{D2E858E1-B343-415A-90D5-193B25F223E1}"
EndProject
Project("{FAE04EC0-301F-11D3-BF4B-00C04F79EFBC}") = "DiscountManagement.Configuration", "DiscountManagement.Configuration\DiscountManagement.Configuration.csproj", "{6784B1EE-79C6-454D-96D6-35FBE83125AD}"
EndProject
Global
	GlobalSection(SolutionConfigurationPlatforms) = preSolution
		Debug|Any CPU = Debug|Any CPU
		Release|Any CPU = Release|Any CPU
	EndGlobalSection
	GlobalSection(ProjectConfigurationPlatforms) = postSolution
		{FBB41AB1-1955-4781-8EE5-5480DE3AD16E}.Debug|Any CPU.ActiveCfg = Debug|Any CPU
		{FBB41AB1-1955-4781-8EE5-5480DE3AD16E}.Debug|Any CPU.Build.0 = Debug|Any CPU
		{FBB41AB1-1955-4781-8EE5-5480DE3AD16E}.Release|Any CPU.ActiveCfg = Release|Any CPU
		{FBB41AB1-1955-4781-8EE5-5480DE3AD16E}.Release|Any CPU.Build.0 = Release|Any CPU
		{C0141C17-F469-4904-8E50-B6A924DAF917}.Debug|Any CPU.ActiveCfg = Debug|Any CPU
		{C0141C17-F469-4904-8E50-B6A924DAF917}.Debug|Any CPU.Build.0 = Debug|Any CPU
		{C0141C17-F469-4904-8E50-B6A924DAF917}.Release|Any CPU.ActiveCfg = Release|Any CPU
		{C0141C17-F469-4904-8E50-B6A924DAF917}.Release|Any CPU.Build.0 = Release|Any CPU
		{4DA5A9B2-92AF-4C13-A8F2-5B6997B47A80}.Debug|Any CPU.ActiveCfg = Debug|Any CPU
		{4DA5A9B2-92AF-4C13-A8F2-5B6997B47A80}.Debug|Any CPU.Build.0 = Debug|Any CPU
		{4DA5A9B2-92AF-4C13-A8F2-5B6997B47A80}.Release|Any CPU.ActiveCfg = Release|Any CPU
		{4DA5A9B2-92AF-4C13-A8F2-5B6997B47A80}.Release|Any CPU.Build.0 = Release|Any CPU
		{5B2E26D0-3EB8-4FCA-942F-053B13CD38F0}.Debug|Any CPU.ActiveCfg = Debug|Any CPU
		{5B2E26D0-3EB8-4FCA-942F-053B13CD38F0}.Debug|Any CPU.Build.0 = Debug|Any CPU
		{5B2E26D0-3EB8-4FCA-942F-053B13CD38F0}.Release|Any CPU.ActiveCfg = Release|Any CPU
		{5B2E26D0-3EB8-4FCA-942F-053B13CD38F0}.Release|Any CPU.Build.0 = Release|Any CPU
		{BFDF451A-92AD-4DC3-B837-091B195EB53B}.Debug|Any CPU.ActiveCfg = Debug|Any CPU
		{BFDF451A-92AD-4DC3-B837-091B195EB53B}.Debug|Any CPU.Build.0 = Debug|Any CPU
		{BFDF451A-92AD-4DC3-B837-091B195EB53B}.Release|Any CPU.ActiveCfg = Release|Any CPU
		{BFDF451A-92AD-4DC3-B837-091B195EB53B}.Release|Any CPU.Build.0 = Release|Any CPU
		{3CE68844-CE85-421A-BFE7-21E61C8EE727}.Debug|Any CPU.ActiveCfg = Debug|Any CPU
		{3CE68844-CE85-421A-BFE7-21E61C8EE727}.Debug|Any CPU.Build.0 = Debug|Any CPU
		{3CE68844-CE85-421A-BFE7-21E61C8EE727}.Release|Any CPU.ActiveCfg = Release|Any CPU
		{3CE68844-CE85-421A-BFE7-21E61C8EE727}.Release|Any CPU.Build.0 = Release|Any CPU
		{530A0B9E-53C8-417D-8D1F-789B0DDBC6A7}.Debug|Any CPU.ActiveCfg = Debug|Any CPU
		{530A0B9E-53C8-417D-8D1F-789B0DDBC6A7}.Debug|Any CPU.Build.0 = Debug|Any CPU
		{530A0B9E-53C8-417D-8D1F-789B0DDBC6A7}.Release|Any CPU.ActiveCfg = Release|Any CPU
		{530A0B9E-53C8-417D-8D1F-789B0DDBC6A7}.Release|Any CPU.Build.0 = Release|Any CPU
		{41523AFF-F1AE-430D-87D9-CC36903F4822}.Debug|Any CPU.ActiveCfg = Debug|Any CPU
		{41523AFF-F1AE-430D-87D9-CC36903F4822}.Debug|Any CPU.Build.0 = Debug|Any CPU
		{41523AFF-F1AE-430D-87D9-CC36903F4822}.Release|Any CPU.ActiveCfg = Release|Any CPU
		{41523AFF-F1AE-430D-87D9-CC36903F4822}.Release|Any CPU.Build.0 = Release|Any CPU
		{A75F7452-0B26-4D7A-8FFC-2D1A52266486}.Debug|Any CPU.ActiveCfg = Debug|Any CPU
		{A75F7452-0B26-4D7A-8FFC-2D1A52266486}.Debug|Any CPU.Build.0 = Debug|Any CPU
		{A75F7452-0B26-4D7A-8FFC-2D1A52266486}.Release|Any CPU.ActiveCfg = Release|Any CPU
		{A75F7452-0B26-4D7A-8FFC-2D1A52266486}.Release|Any CPU.Build.0 = Release|Any CPU
		{3B39C472-698B-4F38-9CA8-5CF37F142050}.Debug|Any CPU.ActiveCfg = Debug|Any CPU
		{3B39C472-698B-4F38-9CA8-5CF37F142050}.Debug|Any CPU.Build.0 = Debug|Any CPU
		{3B39C472-698B-4F38-9CA8-5CF37F142050}.Release|Any CPU.ActiveCfg = Release|Any CPU
		{3B39C472-698B-4F38-9CA8-5CF37F142050}.Release|Any CPU.Build.0 = Release|Any CPU
		{267761D8-3341-4179-AD6C-5F3531EC2B87}.Debug|Any CPU.ActiveCfg = Debug|Any CPU
		{267761D8-3341-4179-AD6C-5F3531EC2B87}.Debug|Any CPU.Build.0 = Debug|Any CPU
		{267761D8-3341-4179-AD6C-5F3531EC2B87}.Release|Any CPU.ActiveCfg = Release|Any CPU
		{267761D8-3341-4179-AD6C-5F3531EC2B87}.Release|Any CPU.Build.0 = Release|Any CPU
		{D2E858E1-B343-415A-90D5-193B25F223E1}.Debug|Any CPU.ActiveCfg = Debug|Any CPU
		{D2E858E1-B343-415A-90D5-193B25F223E1}.Debug|Any CPU.Build.0 = Debug|Any CPU
		{D2E858E1-B343-415A-90D5-193B25F223E1}.Release|Any CPU.ActiveCfg = Release|Any CPU
		{D2E858E1-B343-415A-90D5-193B25F223E1}.Release|Any CPU.Build.0 = Release|Any CPU
		{6784B1EE-79C6-454D-96D6-35FBE83125AD}.Debug|Any CPU.ActiveCfg = Debug|Any CPU
		{6784B1EE-79C6-454D-96D6-35FBE83125AD}.Debug|Any CPU.Build.0 = Debug|Any CPU
		{6784B1EE-79C6-454D-96D6-35FBE83125AD}.Release|Any CPU.ActiveCfg = Release|Any CPU
		{6784B1EE-79C6-454D-96D6-35FBE83125AD}.Release|Any CPU.Build.0 = Release|Any CPU
	EndGlobalSection
	GlobalSection(SolutionProperties) = preSolution
		HideSolutionNode = FALSE
	EndGlobalSection
	GlobalSection(NestedProjects) = preSolution
		{E66DDECD-95EE-4891-AC39-E778A7EF7C04} = {475AEAFD-0E30-4B81-A646-DD3643BE50DC}
		{FBB41AB1-1955-4781-8EE5-5480DE3AD16E} = {E66DDECD-95EE-4891-AC39-E778A7EF7C04}
		{11FEF498-44C5-466A-99CC-755D02A212E8} = {475AEAFD-0E30-4B81-A646-DD3643BE50DC}
		{4DA5A9B2-92AF-4C13-A8F2-5B6997B47A80} = {11FEF498-44C5-466A-99CC-755D02A212E8}
		{5B2E26D0-3EB8-4FCA-942F-053B13CD38F0} = {11FEF498-44C5-466A-99CC-755D02A212E8}
		{D96BA77F-3251-4F47-97AC-37874562E016} = {475AEAFD-0E30-4B81-A646-DD3643BE50DC}
		{BFDF451A-92AD-4DC3-B837-091B195EB53B} = {D96BA77F-3251-4F47-97AC-37874562E016}
		{3CE68844-CE85-421A-BFE7-21E61C8EE727} = {D96BA77F-3251-4F47-97AC-37874562E016}
		{BC3F1F61-9179-458D-A9C4-A6C8FCB125EC} = {F51FED49-B02A-411B-A76E-836349D8BC22}
		{A75F7452-0B26-4D7A-8FFC-2D1A52266486} = {BC3F1F61-9179-458D-A9C4-A6C8FCB125EC}
		{4769A9A4-D7DD-4A63-A588-171327693E13} = {F51FED49-B02A-411B-A76E-836349D8BC22}
		{3B39C472-698B-4F38-9CA8-5CF37F142050} = {4769A9A4-D7DD-4A63-A588-171327693E13}
		{267761D8-3341-4179-AD6C-5F3531EC2B87} = {4769A9A4-D7DD-4A63-A588-171327693E13}
		{D1407397-F6F7-4EF5-B351-CDC93BBDF32C} = {F51FED49-B02A-411B-A76E-836349D8BC22}
		{D2E858E1-B343-415A-90D5-193B25F223E1} = {D1407397-F6F7-4EF5-B351-CDC93BBDF32C}
		{6784B1EE-79C6-454D-96D6-35FBE83125AD} = {D1407397-F6F7-4EF5-B351-CDC93BBDF32C}
	EndGlobalSection
	GlobalSection(ExtensibilityGlobals) = postSolution
		SolutionGuid = {CE06E98D-3839-4D81-9774-84084A573E73}
	EndGlobalSection
EndGlobal
