
Microsoft Visual Studio Solution File, Format Version 12.00
# Visual Studio Version 17
VisualStudioVersion = 17.4.33213.308
MinimumVisualStudioVersion = 10.0.40219.1
Project("{FAE04EC0-301F-11D3-BF4B-00C04F79EFBC}") = "Test", "Test\Test.csproj", "{402CCE87-575E-474D-9B2B-E6C22C780F80}"
EndProject
Global
	GlobalSection(SolutionConfigurationPlatforms) = preSolution
		Debug|Any CPU = Debug|Any CPU
		Release|Any CPU = Release|Any CPU
	EndGlobalSection
	GlobalSection(ProjectConfigurationPlatforms) = postSolution
		{402CCE87-575E-474D-9B2B-E6C22C780F80}.Debug|Any CPU.ActiveCfg = Debug|Any CPU
		{402CCE87-575E-474D-9B2B-E6C22C780F80}.Debug|Any CPU.Build.0 = Debug|Any CPU
		{402CCE87-575E-474D-9B2B-E6C22C780F80}.Release|Any CPU.ActiveCfg = Release|Any CPU
		{402CCE87-575E-474D-9B2B-E6C22C780F80}.Release|Any CPU.Build.0 = Release|Any CPU
	EndGlobalSection
	GlobalSection(SolutionProperties) = preSolution
		HideSolutionNode = FALSE
	EndGlobalSection
	GlobalSection(ExtensibilityGlobals) = postSolution
		SolutionGuid = {2442D0DE-5A5B-40FD-B1CE-EA66E3435835}
	EndGlobalSection
EndGlobal
