
Microsoft Visual Studio Solution File, Format Version 12.00
# Visual Studio Version 17
VisualStudioVersion = 17.4.33213.308
MinimumVisualStudioVersion = 10.0.40219.1
Project("{FAE04EC0-301F-11D3-BF4B-00C04F79EFBC}") = "Streams", "Streams\Streams.csproj", "{5C69EFE3-BABD-490F-BF12-8CA32C4B1C2E}"
EndProject
Project("{FAE04EC0-301F-11D3-BF4B-00C04F79EFBC}") = "SaveFile", "SaveFile\SaveFile.csproj", "{B86319CA-6270-4882-BA9F-E5BDEF23D070}"
EndProject
Global
	GlobalSection(SolutionConfigurationPlatforms) = preSolution
		Debug|Any CPU = Debug|Any CPU
		Release|Any CPU = Release|Any CPU
	EndGlobalSection
	GlobalSection(ProjectConfigurationPlatforms) = postSolution
		{5C69EFE3-BABD-490F-BF12-8CA32C4B1C2E}.Debug|Any CPU.ActiveCfg = Debug|Any CPU
		{5C69EFE3-BABD-490F-BF12-8CA32C4B1C2E}.Debug|Any CPU.Build.0 = Debug|Any CPU
		{5C69EFE3-BABD-490F-BF12-8CA32C4B1C2E}.Release|Any CPU.ActiveCfg = Release|Any CPU
		{5C69EFE3-BABD-490F-BF12-8CA32C4B1C2E}.Release|Any CPU.Build.0 = Release|Any CPU
		{B86319CA-6270-4882-BA9F-E5BDEF23D070}.Debug|Any CPU.ActiveCfg = Debug|Any CPU
		{B86319CA-6270-4882-BA9F-E5BDEF23D070}.Debug|Any CPU.Build.0 = Debug|Any CPU
		{B86319CA-6270-4882-BA9F-E5BDEF23D070}.Release|Any CPU.ActiveCfg = Release|Any CPU
		{B86319CA-6270-4882-BA9F-E5BDEF23D070}.Release|Any CPU.Build.0 = Release|Any CPU
	EndGlobalSection
	GlobalSection(SolutionProperties) = preSolution
		HideSolutionNode = FALSE
	EndGlobalSection
	GlobalSection(ExtensibilityGlobals) = postSolution
		SolutionGuid = {8902C800-C504-4841-B362-0D420B4AE076}
	EndGlobalSection
EndGlobal
